
Microsoft Visual Studio Solution File, Format Version 12.00
# Visual Studio 15
Project("{FAE04EC0-301F-11D3-BF4B-00C04F79EFBC}") = "Nethereum-Integration", "Nethereum-Integration.csproj", "{02EFE448-7343-446F-87CB-712F8BDEA827}"
EndProject
Global
	GlobalSection(SolutionConfigurationPlatforms) = preSolution
		Debug|Any CPU = Debug|Any CPU
		Release|Any CPU = Release|Any CPU
	EndGlobalSection
	GlobalSection(ProjectConfigurationPlatforms) = postSolution
		{02EFE448-7343-446F-87CB-712F8BDEA827}.Debug|Any CPU.ActiveCfg = Debug|Any CPU
		{02EFE448-7343-446F-87CB-712F8BDEA827}.Debug|Any CPU.Build.0 = Debug|Any CPU
		{02EFE448-7343-446F-87CB-712F8BDEA827}.Release|Any CPU.ActiveCfg = Release|Any CPU
		{02EFE448-7343-446F-87CB-712F8BDEA827}.Release|Any CPU.Build.0 = Release|Any CPU
	EndGlobalSection
EndGlobal
